
Microsoft Visual Studio Solution File, Format Version 12.00
Project("{9A19103F-16F7-4668-BE54-9A1E7A4F7556}") = "Loki.MsSqlDbCopy", "Loki.MsSqlDbCopy\Loki.MsSqlDbCopy.csproj", "{59EF332B-6659-4849-AE49-4ED5304E09D6}"
EndProject
Project("{9A19103F-16F7-4668-BE54-9A1E7A4F7556}") = "Loki.MsSqlDbCopy.IntegrationTests", "Loki.MsSqlDbCopy.IntegrationTests\Loki.MsSqlDbCopy.IntegrationTests.csproj", "{2F385914-601A-4DC5-A658-9817DFA0C17B}"
EndProject
Global
	GlobalSection(SolutionConfigurationPlatforms) = preSolution
		Debug|Any CPU = Debug|Any CPU
		Release|Any CPU = Release|Any CPU
	EndGlobalSection
	GlobalSection(ProjectConfigurationPlatforms) = postSolution
		{59EF332B-6659-4849-AE49-4ED5304E09D6}.Debug|Any CPU.ActiveCfg = Debug|Any CPU
		{59EF332B-6659-4849-AE49-4ED5304E09D6}.Debug|Any CPU.Build.0 = Debug|Any CPU
		{59EF332B-6659-4849-AE49-4ED5304E09D6}.Release|Any CPU.ActiveCfg = Release|Any CPU
		{59EF332B-6659-4849-AE49-4ED5304E09D6}.Release|Any CPU.Build.0 = Release|Any CPU
		{2F385914-601A-4DC5-A658-9817DFA0C17B}.Debug|Any CPU.ActiveCfg = Debug|Any CPU
		{2F385914-601A-4DC5-A658-9817DFA0C17B}.Debug|Any CPU.Build.0 = Debug|Any CPU
		{2F385914-601A-4DC5-A658-9817DFA0C17B}.Release|Any CPU.ActiveCfg = Release|Any CPU
		{2F385914-601A-4DC5-A658-9817DFA0C17B}.Release|Any CPU.Build.0 = Release|Any CPU
	EndGlobalSection
EndGlobal
