
Microsoft Visual Studio Solution File, Format Version 12.00
Project("{9A19103F-16F7-4668-BE54-9A1E7A4F7556}") = "Loki.MsSqlDbCopy.IntegrationTests", "Loki.MsSqlDbCopy.IntegrationTests\Loki.MsSqlDbCopy.IntegrationTests.csproj", "{2F385914-601A-4DC5-A658-9817DFA0C17B}"
EndProject
Project("{FAE04EC0-301F-11D3-BF4B-00C04F79EFBC}") = "Loki.DbCopy.MsSqlServer", "Loki.DbCopy.MsSqlServer\Loki.DbCopy.MsSqlServer.csproj", "{EE278684-2372-44D1-A7E3-AE4CC6553AE2}"
EndProject
Project("{FAE04EC0-301F-11D3-BF4B-00C04F79EFBC}") = "Loki.MsSqlDbCopy.Infrastructure", "Loki.MsSqlDbCopy.Infrastructure\Loki.MsSqlDbCopy.Infrastructure.csproj", "{16FFA914-6E17-4326-A1FB-B80C4557EC16}"
EndProject
Global
	GlobalSection(SolutionConfigurationPlatforms) = preSolution
		Debug|Any CPU = Debug|Any CPU
		Release|Any CPU = Release|Any CPU
	EndGlobalSection
	GlobalSection(ProjectConfigurationPlatforms) = postSolution
		{2F385914-601A-4DC5-A658-9817DFA0C17B}.Debug|Any CPU.ActiveCfg = Debug|Any CPU
		{2F385914-601A-4DC5-A658-9817DFA0C17B}.Debug|Any CPU.Build.0 = Debug|Any CPU
		{2F385914-601A-4DC5-A658-9817DFA0C17B}.Release|Any CPU.ActiveCfg = Release|Any CPU
		{2F385914-601A-4DC5-A658-9817DFA0C17B}.Release|Any CPU.Build.0 = Release|Any CPU
		{EE278684-2372-44D1-A7E3-AE4CC6553AE2}.Debug|Any CPU.ActiveCfg = Debug|Any CPU
		{EE278684-2372-44D1-A7E3-AE4CC6553AE2}.Debug|Any CPU.Build.0 = Debug|Any CPU
		{EE278684-2372-44D1-A7E3-AE4CC6553AE2}.Release|Any CPU.ActiveCfg = Release|Any CPU
		{EE278684-2372-44D1-A7E3-AE4CC6553AE2}.Release|Any CPU.Build.0 = Release|Any CPU
		{16FFA914-6E17-4326-A1FB-B80C4557EC16}.Debug|Any CPU.ActiveCfg = Debug|Any CPU
		{16FFA914-6E17-4326-A1FB-B80C4557EC16}.Debug|Any CPU.Build.0 = Debug|Any CPU
		{16FFA914-6E17-4326-A1FB-B80C4557EC16}.Release|Any CPU.ActiveCfg = Release|Any CPU
		{16FFA914-6E17-4326-A1FB-B80C4557EC16}.Release|Any CPU.Build.0 = Release|Any CPU
	EndGlobalSection
EndGlobal
